
Microsoft Visual Studio Solution File, Format Version 12.00
# Visual Studio Version 17
VisualStudioVersion = 17.14.36109.1 d17.14
MinimumVisualStudioVersion = 10.0.40219.1
Project("{FAE04EC0-301F-11D3-BF4B-00C04F79EFBC}") = "HeladeriaProyect", "HeladeriaProyect\HeladeriaProyect.csproj", "{999F4658-8BE9-465C-9571-C070D2C4241C}"
EndProject
Global
	GlobalSection(SolutionConfigurationPlatforms) = preSolution
		Debug|Any CPU = Debug|Any CPU
		Release|Any CPU = Release|Any CPU
	EndGlobalSection
	GlobalSection(ProjectConfigurationPlatforms) = postSolution
		{999F4658-8BE9-465C-9571-C070D2C4241C}.Debug|Any CPU.ActiveCfg = Debug|Any CPU
		{999F4658-8BE9-465C-9571-C070D2C4241C}.Debug|Any CPU.Build.0 = Debug|Any CPU
		{999F4658-8BE9-465C-9571-C070D2C4241C}.Release|Any CPU.ActiveCfg = Release|Any CPU
		{999F4658-8BE9-465C-9571-C070D2C4241C}.Release|Any CPU.Build.0 = Release|Any CPU
	EndGlobalSection
	GlobalSection(SolutionProperties) = preSolution
		HideSolutionNode = FALSE
	EndGlobalSection
	GlobalSection(ExtensibilityGlobals) = postSolution
		SolutionGuid = {2D06F6CF-47EE-4788-9BB1-B4F6524B484B}
	EndGlobalSection
EndGlobal
