
Microsoft Visual Studio Solution File, Format Version 12.00
# Visual Studio Version 17
VisualStudioVersion = 17.14.36109.1
MinimumVisualStudioVersion = 10.0.40219.1
Project("{FAE04EC0-301F-11D3-BF4B-00C04F79EFBC}") = "HeladeriaProyecto", "HeladeriaProyecto\HeladeriaProyecto.csproj", "{BBC8CD11-313B-4D86-B2E9-5120B0CB0604}"
EndProject
Global
	GlobalSection(SolutionConfigurationPlatforms) = preSolution
		Debug|Any CPU = Debug|Any CPU
		Release|Any CPU = Release|Any CPU
	EndGlobalSection
	GlobalSection(ProjectConfigurationPlatforms) = postSolution
		{BBC8CD11-313B-4D86-B2E9-5120B0CB0604}.Debug|Any CPU.ActiveCfg = Debug|Any CPU
		{BBC8CD11-313B-4D86-B2E9-5120B0CB0604}.Debug|Any CPU.Build.0 = Debug|Any CPU
		{BBC8CD11-313B-4D86-B2E9-5120B0CB0604}.Release|Any CPU.ActiveCfg = Release|Any CPU
		{BBC8CD11-313B-4D86-B2E9-5120B0CB0604}.Release|Any CPU.Build.0 = Release|Any CPU
	EndGlobalSection
	GlobalSection(SolutionProperties) = preSolution
		HideSolutionNode = FALSE
	EndGlobalSection
	GlobalSection(ExtensibilityGlobals) = postSolution
		SolutionGuid = {2D06F6CF-47EE-4788-9BB1-B4F6524B484B}
	EndGlobalSection
EndGlobal
